
Microsoft Visual Studio Solution File, Format Version 12.00
# Visual Studio Version 16
VisualStudioVersion = 16.0.31613.86
MinimumVisualStudioVersion = 10.0.40219.1
Project("{8BC9CEB8-8B4A-11D0-8D11-00A0C91BC942}") = "text_1_15", "text_1_15\text_1_15.vcxproj", "{7AED6A22-3E8E-47DA-8FB4-8A6EBFE7CE07}"
EndProject
Global
	GlobalSection(SolutionConfigurationPlatforms) = preSolution
		Debug|x64 = Debug|x64
		Debug|x86 = Debug|x86
		Release|x64 = Release|x64
		Release|x86 = Release|x86
	EndGlobalSection
	GlobalSection(ProjectConfigurationPlatforms) = postSolution
		{7AED6A22-3E8E-47DA-8FB4-8A6EBFE7CE07}.Debug|x64.ActiveCfg = Debug|x64
		{7AED6A22-3E8E-47DA-8FB4-8A6EBFE7CE07}.Debug|x64.Build.0 = Debug|x64
		{7AED6A22-3E8E-47DA-8FB4-8A6EBFE7CE07}.Debug|x86.ActiveCfg = Debug|Win32
		{7AED6A22-3E8E-47DA-8FB4-8A6EBFE7CE07}.Debug|x86.Build.0 = Debug|Win32
		{7AED6A22-3E8E-47DA-8FB4-8A6EBFE7CE07}.Release|x64.ActiveCfg = Release|x64
		{7AED6A22-3E8E-47DA-8FB4-8A6EBFE7CE07}.Release|x64.Build.0 = Release|x64
		{7AED6A22-3E8E-47DA-8FB4-8A6EBFE7CE07}.Release|x86.ActiveCfg = Release|Win32
		{7AED6A22-3E8E-47DA-8FB4-8A6EBFE7CE07}.Release|x86.Build.0 = Release|Win32
	EndGlobalSection
	GlobalSection(SolutionProperties) = preSolution
		HideSolutionNode = FALSE
	EndGlobalSection
	GlobalSection(ExtensibilityGlobals) = postSolution
		SolutionGuid = {41A36709-B036-47FA-9F35-3D0E0787A8FC}
	EndGlobalSection
EndGlobal
